github.com/garyxiong123/go-depency-A v1.0.5-m/go.mod h1:V5gyoH+41LQuxIsxfOmXQ8nk2GhQ9AE41BLQAeLvC+c=
github.com/garyxiong123/go-depency-A v1.0.6-no-m h1:CQ7ij05zkmp8Ze/Rl0tfG9/Sds8TFxQu3Wg8iX++A6o=
github.com/garyxiong123/go-depency-A v1.0.6-no-m/go.mod h1:V5gyoH+41LQuxIsxfOmXQ8nk2GhQ9AE41BLQAeLvC+c=
github.com/garyxiong123/go-depency-B v0.0.0-20230125105654-c5df030509c5 h1:jYBXi9FA0SgY92wNEgZrbs9NlmO2nUQPKGz9dDAhwIE=
github.com/garyxiong123/go-depency-B v0.0.0-20230125105654-c5df030509c5/go.mod h1:m5w3DdZ5gJGMbVDFJH8mF8pKNS9PJjGj4c0gsuFR/6o=
github.com/garyxiong123/go-depency-C v0.0.0-20230125111945-b63b34aec36e h1:yVP0rsQBRFN0IGJY4ua9Hjg6yTBn+nWlLYvsQJ+3P/c=
github.com/garyxiong123/go-depency-C v0.0.0-20230125111945-b63b34aec36e/go.mod h1:wzs8p1swd988JOOim7PpYR7xx9YAdIUMQO2Uq5FMXFg=
